
Microsoft Visual Studio Solution File, Format Version 12.00
# Visual Studio Version 17
VisualStudioVersion = 17.8.34330.188
MinimumVisualStudioVersion = 10.0.40219.1
Project("{FAE04EC0-301F-11D3-BF4B-00C04F79EFBC}") = "CSharp2_DomaciUkol_Lekce4", "CSharp2_DomaciUkol_Lekce4.csproj", "{F813EB1A-1E5A-49CB-876E-C39728AF9062}"
EndProject
Global
	GlobalSection(SolutionConfigurationPlatforms) = preSolution
		Debug|Any CPU = Debug|Any CPU
		Release|Any CPU = Release|Any CPU
	EndGlobalSection
	GlobalSection(ProjectConfigurationPlatforms) = postSolution
		{F813EB1A-1E5A-49CB-876E-C39728AF9062}.Debug|Any CPU.ActiveCfg = Debug|Any CPU
		{F813EB1A-1E5A-49CB-876E-C39728AF9062}.Debug|Any CPU.Build.0 = Debug|Any CPU
		{F813EB1A-1E5A-49CB-876E-C39728AF9062}.Release|Any CPU.ActiveCfg = Release|Any CPU
		{F813EB1A-1E5A-49CB-876E-C39728AF9062}.Release|Any CPU.Build.0 = Release|Any CPU
	EndGlobalSection
	GlobalSection(SolutionProperties) = preSolution
		HideSolutionNode = FALSE
	EndGlobalSection
	GlobalSection(ExtensibilityGlobals) = postSolution
		SolutionGuid = {11B5D716-2A5D-48B7-8E43-449EA46D730B}
	EndGlobalSection
EndGlobal
